
Microsoft Visual Studio Solution File, Format Version 12.00
# Visual Studio Version 16
VisualStudioVersion = 16.0.30413.136
MinimumVisualStudioVersion = 10.0.40219.1
Project("{FAE04EC0-301F-11D3-BF4B-00C04F79EFBC}") = "MusicPlayerProject", "MusicPlayerProject\MusicPlayerProject.csproj", "{4B44A238-5829-4441-B511-1C662ED19184}"
EndProject
Global
	GlobalSection(SolutionConfigurationPlatforms) = preSolution
		Debug|Any CPU = Debug|Any CPU
		Release|Any CPU = Release|Any CPU
	EndGlobalSection
	GlobalSection(ProjectConfigurationPlatforms) = postSolution
		{4B44A238-5829-4441-B511-1C662ED19184}.Debug|Any CPU.ActiveCfg = Debug|Any CPU
		{4B44A238-5829-4441-B511-1C662ED19184}.Debug|Any CPU.Build.0 = Debug|Any CPU
		{4B44A238-5829-4441-B511-1C662ED19184}.Release|Any CPU.ActiveCfg = Release|Any CPU
		{4B44A238-5829-4441-B511-1C662ED19184}.Release|Any CPU.Build.0 = Release|Any CPU
	EndGlobalSection
	GlobalSection(SolutionProperties) = preSolution
		HideSolutionNode = FALSE
	EndGlobalSection
	GlobalSection(ExtensibilityGlobals) = postSolution
		SolutionGuid = {0FEAEB9A-9ACE-4769-974F-B3762CDEDFDF}
	EndGlobalSection
EndGlobal
